
Microsoft Visual Studio Solution File, Format Version 12.00
# Visual Studio 15
VisualStudioVersion = 15.0.28010.2036
MinimumVisualStudioVersion = 10.0.40219.1
Project("{9A19103F-16F7-4668-BE54-9A1E7A4F7556}") = "KyannaApp", "KyannaApp.csproj", "{EF7AF293-D3E6-4199-88B8-87E4F372D122}"
EndProject
Global
	GlobalSection(SolutionConfigurationPlatforms) = preSolution
		Debug|Any CPU = Debug|Any CPU
		Release|Any CPU = Release|Any CPU
	EndGlobalSection
	GlobalSection(ProjectConfigurationPlatforms) = postSolution
		{EF7AF293-D3E6-4199-88B8-87E4F372D122}.Debug|Any CPU.ActiveCfg = Debug|Any CPU
		{EF7AF293-D3E6-4199-88B8-87E4F372D122}.Debug|Any CPU.Build.0 = Debug|Any CPU
		{EF7AF293-D3E6-4199-88B8-87E4F372D122}.Release|Any CPU.ActiveCfg = Release|Any CPU
		{EF7AF293-D3E6-4199-88B8-87E4F372D122}.Release|Any CPU.Build.0 = Release|Any CPU
	EndGlobalSection
	GlobalSection(SolutionProperties) = preSolution
		HideSolutionNode = FALSE
	EndGlobalSection
	GlobalSection(ExtensibilityGlobals) = postSolution
		SolutionGuid = {8D9FF4CA-E2F6-488D-AF2C-4B4ACD78C920}
	EndGlobalSection
EndGlobal
